
Microsoft Visual Studio Solution File, Format Version 12.00
# Visual Studio Version 17
VisualStudioVersion = 17.11.35208.52
MinimumVisualStudioVersion = 10.0.40219.1
Project("{FAE04EC0-301F-11D3-BF4B-00C04F79EFBC}") = "Library Management", "Library Management.csproj", "{C3DBAB20-E6F1-4AF1-92AA-918DCF9F2CE2}"
EndProject
Global
	GlobalSection(SolutionConfigurationPlatforms) = preSolution
		Debug|Any CPU = Debug|Any CPU
		Release|Any CPU = Release|Any CPU
	EndGlobalSection
	GlobalSection(ProjectConfigurationPlatforms) = postSolution
		{C3DBAB20-E6F1-4AF1-92AA-918DCF9F2CE2}.Debug|Any CPU.ActiveCfg = Debug|Any CPU
		{C3DBAB20-E6F1-4AF1-92AA-918DCF9F2CE2}.Debug|Any CPU.Build.0 = Debug|Any CPU
		{C3DBAB20-E6F1-4AF1-92AA-918DCF9F2CE2}.Release|Any CPU.ActiveCfg = Release|Any CPU
		{C3DBAB20-E6F1-4AF1-92AA-918DCF9F2CE2}.Release|Any CPU.Build.0 = Release|Any CPU
	EndGlobalSection
	GlobalSection(SolutionProperties) = preSolution
		HideSolutionNode = FALSE
	EndGlobalSection
	GlobalSection(ExtensibilityGlobals) = postSolution
		SolutionGuid = {2CCAC573-1856-438F-B1A8-7A9C0A4DA77D}
	EndGlobalSection
EndGlobal
